
Microsoft Visual Studio Solution File, Format Version 12.00
# Visual Studio Version 17
VisualStudioVersion = 17.11.35327.3
MinimumVisualStudioVersion = 10.0.40219.1
Project("{FAE04EC0-301F-11D3-BF4B-00C04F79EFBC}") = "TravelCompanionVacationApp", "TravelCompanionVacationApp\TravelCompanionVacationApp.csproj", "{A29F9972-D545-4B85-8EF7-7FD93254D158}"
EndProject
Global
	GlobalSection(SolutionConfigurationPlatforms) = preSolution
		Debug|Any CPU = Debug|Any CPU
		Release|Any CPU = Release|Any CPU
	EndGlobalSection
	GlobalSection(ProjectConfigurationPlatforms) = postSolution
		{A29F9972-D545-4B85-8EF7-7FD93254D158}.Debug|Any CPU.ActiveCfg = Debug|Any CPU
		{A29F9972-D545-4B85-8EF7-7FD93254D158}.Debug|Any CPU.Build.0 = Debug|Any CPU
		{A29F9972-D545-4B85-8EF7-7FD93254D158}.Release|Any CPU.ActiveCfg = Release|Any CPU
		{A29F9972-D545-4B85-8EF7-7FD93254D158}.Release|Any CPU.Build.0 = Release|Any CPU
	EndGlobalSection
	GlobalSection(SolutionProperties) = preSolution
		HideSolutionNode = FALSE
	EndGlobalSection
	GlobalSection(ExtensibilityGlobals) = postSolution
		SolutionGuid = {E3D5EA9C-BD4D-48FE-BEA4-29346C6D956C}
	EndGlobalSection
EndGlobal
